# THIS IS AN AUTOGENERATED FILE. DO NOT EDIT THIS FILE DIRECTLY.
# yarn lockfile v1


"@types/prop-types@*":
  "integrity" "sha512-KfRL3PuHmqQLOG+2tGpRO26Ctg+Cq1E01D2DMriKEATHgWLfeNDmq9e29Q9WIky0dQ3NPkd1mzYH8Lm936Z9qw=="
  "resolved" "https://registry.npmjs.org/@types/prop-types/-/prop-types-15.7.3.tgz"
  "version" "15.7.3"

"@types/react-dom@^18.0.0":
  "integrity" "sha512-EhwApuTmMBmXuFOikhQLIBUn6uFg81SwLMOAUgodJF14SOBOCMdU04gDoYi0WOJJHD144TL32z4yDqCW3dnkQg=="
  "resolved" "https://registry.npmjs.org/@types/react-dom/-/react-dom-18.3.0.tgz"
  "version" "18.3.0"
  dependencies:
    "@types/react" "*"

"@types/react@*", "@types/react@^18.0.0":
  "integrity" "sha512-hti/R0pS0q1/xx+TsI73XIqk26eBsISZ2R0wUijXIngRK9R/e7Xw/cXVxQK7R5JjW+SV4zGcn5hXjudkN/pLIw=="
  "resolved" "https://registry.npmjs.org/@types/react/-/react-18.3.3.tgz"
  "version" "18.3.3"
  dependencies:
    "@types/prop-types" "*"
    "csstype" "^3.0.2"

"csstype@^3.0.2":
  "integrity" "sha512-KxnUB0ZMlnUWCsx2Z8MUsr6qV6ja1w9ArPErJaJaF8a5SOWoHLIszeCTKGRGRgtLgYrs1E8CHkNSP1VZTTPc9g=="
  "resolved" "https://registry.npmjs.org/csstype/-/csstype-3.0.7.tgz"
  "version" "3.0.7"

"js-tokens@^3.0.0 || ^4.0.0":
  "integrity" "sha512-RdJUflcE3cUzKiMqQgsCu06FPu9UdIJO0beYbPhHN4k6apgJtifcoCtT9bcxOpYBtpD2kCM6Sbzg4CausW/PKQ=="
  "resolved" "https://registry.npmjs.org/js-tokens/-/js-tokens-4.0.0.tgz"
  "version" "4.0.0"

"lodash.isequal@^4.5.0":
  "integrity" "sha1-QVxEePK8wwEgwizhDtMib30+GOA=sha512-pDo3lu8Jhfjqls6GkMgpahsF9kCyayhgykjyLMNFTKWrpVdAQtYyB4muAMWozBB4ig/dtWAmsMxLEI8wuz+DYQ== sha512-pDo3lu8Jhfjqls6GkMgpahsF9kCyayhgykjyLMNFTKWrpVdAQtYyB4muAMWozBB4ig/dtWAmsMxLEI8wuz+DYQ=="
  "resolved" "https://registry.npmjs.org/lodash.isequal/-/lodash.isequal-4.5.0.tgz"
  "version" "4.5.0"

"loose-envify@^1.1.0":
  "integrity" "sha512-lyuxPGr/Wfhrlem2CL/UcnUc1zcqKAImBDzukY7Y5F/yQiNdko6+fRLevlw1HgMySw7f611UIY408EtxRSoK3Q=="
  "resolved" "https://registry.npmjs.org/loose-envify/-/loose-envify-1.4.0.tgz"
  "version" "1.4.0"
  dependencies:
    "js-tokens" "^3.0.0 || ^4.0.0"

"qrcode-generator@^1.4.4":
  "integrity" "sha512-HM7yY8O2ilqhmULxGMpcHSF1EhJJ9yBj8gvDEuZ6M+KGJ0YY2hKpnXvRD+hZPLrDVck3ExIGhmPtSdcjC+guuw=="
  "resolved" "https://registry.npmjs.org/qrcode-generator/-/qrcode-generator-1.4.4.tgz"
  "version" "1.4.4"

"react-dom@^18.0.0":
  "integrity" "sha512-5m4nQKp+rZRb09LNH59GM4BxTh9251/ylbKIbpe7TpGxfJ+9kv6BLkLBXIjjspbgbnIBNqlI23tRnTWT0snUIw=="
  "resolved" "https://registry.npmjs.org/react-dom/-/react-dom-18.3.1.tgz"
  "version" "18.3.1"
  dependencies:
    "loose-envify" "^1.1.0"
    "scheduler" "^0.23.2"

"react@^18.0.0", "react@^18.3.1":
  "integrity" "sha512-wS+hAgJShR0KhEvPJArfuPVN1+Hz1t0Y6n5jLrGQbkb4urgPE/0Rve+1kMB1v/oWgHgm4WIcV+i7F2pTVj+2iQ=="
  "resolved" "https://registry.npmjs.org/react/-/react-18.3.1.tgz"
  "version" "18.3.1"
  dependencies:
    "loose-envify" "^1.1.0"

"scheduler@^0.23.2":
  "integrity" "sha512-UOShsPwz7NrMUqhR6t0hWjFduvOzbtv7toDH1/hIrfRNIDBnnBWd0CwJTGvTpngVlmwGCdP9/Zl/tVrDqcuYzQ=="
  "resolved" "https://registry.npmjs.org/scheduler/-/scheduler-0.23.2.tgz"
  "version" "0.23.2"
  dependencies:
    "loose-envify" "^1.1.0"

"typescript@^5.4.5":
  "integrity" "sha512-vcI4UpRgg81oIRUFwR0WSIHKt11nJ7SAVlYNIu+QpqeyXP+gpQJy/Z4+F0aGxSE4MqwjyXvW/TzgkLAx2AGHwQ=="
  "resolved" "https://registry.npmjs.org/typescript/-/typescript-5.4.5.tgz"
  "version" "5.4.5"
